
Microsoft Visual Studio Solution File, Format Version 12.00
# Visual Studio Version 17
VisualStudioVersion = 17.7.34024.191
MinimumVisualStudioVersion = 10.0.40219.1
Project("{FAE04EC0-301F-11D3-BF4B-00C04F79EFBC}") = "uppgift 1", "uppgift 1\uppgift 1.csproj", "{3052F82C-26F0-40E9-9914-0001F54F64CF}"
EndProject
Global
	GlobalSection(SolutionConfigurationPlatforms) = preSolution
		Debug|Any CPU = Debug|Any CPU
		Release|Any CPU = Release|Any CPU
	EndGlobalSection
	GlobalSection(ProjectConfigurationPlatforms) = postSolution
		{3052F82C-26F0-40E9-9914-0001F54F64CF}.Debug|Any CPU.ActiveCfg = Debug|Any CPU
		{3052F82C-26F0-40E9-9914-0001F54F64CF}.Debug|Any CPU.Build.0 = Debug|Any CPU
		{3052F82C-26F0-40E9-9914-0001F54F64CF}.Release|Any CPU.ActiveCfg = Release|Any CPU
		{3052F82C-26F0-40E9-9914-0001F54F64CF}.Release|Any CPU.Build.0 = Release|Any CPU
	EndGlobalSection
	GlobalSection(SolutionProperties) = preSolution
		HideSolutionNode = FALSE
	EndGlobalSection
	GlobalSection(ExtensibilityGlobals) = postSolution
		SolutionGuid = {BEEDDA1F-2468-4DD4-920C-8EF846AB44C9}
	EndGlobalSection
EndGlobal
